
Microsoft Visual Studio Solution File, Format Version 12.00
# Visual Studio Version 16
VisualStudioVersion = 16.0.30011.22
MinimumVisualStudioVersion = 10.0.40219.1
Project("{FAE04EC0-301F-11D3-BF4B-00C04F79EFBC}") = "Madaras homework", "Madaras homework.csproj", "{F9C80ED4-B9BC-4CF3-99AB-59CA85B655DF}"
EndProject
Global
	GlobalSection(SolutionConfigurationPlatforms) = preSolution
		Debug|Any CPU = Debug|Any CPU
		Release|Any CPU = Release|Any CPU
	EndGlobalSection
	GlobalSection(ProjectConfigurationPlatforms) = postSolution
		{F9C80ED4-B9BC-4CF3-99AB-59CA85B655DF}.Debug|Any CPU.ActiveCfg = Debug|Any CPU
		{F9C80ED4-B9BC-4CF3-99AB-59CA85B655DF}.Debug|Any CPU.Build.0 = Debug|Any CPU
		{F9C80ED4-B9BC-4CF3-99AB-59CA85B655DF}.Release|Any CPU.ActiveCfg = Release|Any CPU
		{F9C80ED4-B9BC-4CF3-99AB-59CA85B655DF}.Release|Any CPU.Build.0 = Release|Any CPU
	EndGlobalSection
	GlobalSection(SolutionProperties) = preSolution
		HideSolutionNode = FALSE
	EndGlobalSection
	GlobalSection(ExtensibilityGlobals) = postSolution
		SolutionGuid = {1DE5D193-549D-43C1-8421-72846E59649D}
	EndGlobalSection
EndGlobal
